{
  "name": "demo003_language",
  "version": "1.0.0",
  "lockfileVersion": 1,
  "requires": true,
  "dependencies": {
    "miniprogram-i18n-plus": {
      "version": "0.3.0",
      "resolved": "https://registry.npmmirror.com/miniprogram-i18n-plus/-/miniprogram-i18n-plus-0.3.0.tgz",
      "integrity": "sha512-tGQ8wDWe5518oAxBFRcAlipkJz19GdnEFhmSwkQnbK72GPVrwtfoTn3y9t2+P8O3lmj2q+5l5NKXCxKUqN5vVQ=="
    }
  }
}
